
Microsoft Visual Studio Solution File, Format Version 12.00
# Visual Studio 2013
VisualStudioVersion = 12.0.31101.0
MinimumVisualStudioVersion = 10.0.40219.1
Project("{FAE04EC0-301F-11D3-BF4B-00C04F79EFBC}") = "VaultAtlas.DataModel", "VaultAtlas.DataModel\VaultAtlas.DataModel.csproj", "{C1D1C538-7BFD-4883-9ACE-67B85DE79435}"
EndProject
Project("{FAE04EC0-301F-11D3-BF4B-00C04F79EFBC}") = "VaultAtlas.Editor", "VaultAtlas.Editor\VaultAtlas.Editor.csproj", "{3478D19B-96FE-4949-A627-5E15B9A5C88E}"
EndProject
Project("{2150E333-8FDC-42A3-9474-1A3956D46DE8}") = "Solution Items", "Solution Items", "{AFEFB389-3447-4272-8532-6C305C03D0F2}"
	ProjectSection(SolutionItems) = preProject
		..\..\TODO.txt = ..\..\TODO.txt
	EndProjectSection
EndProject
Global
	GlobalSection(SolutionConfigurationPlatforms) = preSolution
		Debug|Any CPU = Debug|Any CPU
		Release|Any CPU = Release|Any CPU
	EndGlobalSection
	GlobalSection(ProjectConfigurationPlatforms) = postSolution
		{C1D1C538-7BFD-4883-9ACE-67B85DE79435}.Debug|Any CPU.ActiveCfg = Debug|Any CPU
		{C1D1C538-7BFD-4883-9ACE-67B85DE79435}.Debug|Any CPU.Build.0 = Debug|Any CPU
		{C1D1C538-7BFD-4883-9ACE-67B85DE79435}.Release|Any CPU.ActiveCfg = Release|Any CPU
		{C1D1C538-7BFD-4883-9ACE-67B85DE79435}.Release|Any CPU.Build.0 = Release|Any CPU
		{3478D19B-96FE-4949-A627-5E15B9A5C88E}.Debug|Any CPU.ActiveCfg = Debug|Any CPU
		{3478D19B-96FE-4949-A627-5E15B9A5C88E}.Debug|Any CPU.Build.0 = Debug|Any CPU
		{3478D19B-96FE-4949-A627-5E15B9A5C88E}.Release|Any CPU.ActiveCfg = Release|Any CPU
		{3478D19B-96FE-4949-A627-5E15B9A5C88E}.Release|Any CPU.Build.0 = Release|Any CPU
	EndGlobalSection
	GlobalSection(SolutionProperties) = preSolution
		HideSolutionNode = FALSE
	EndGlobalSection
EndGlobal
